{
    "_readme": [
        "This file locks the dependencies of your project to a known state",
        "Read more about it at https://getcomposer.org/doc/01-basic-usage.md#installing-dependencies",
        "This file is @generated automatically"
    ],
    "content-hash": "18ff79853b10d573b52a795ad8612ff6",
    "packages": [
        {
            "name": "flightphp/core",
            "version": "v3.12.0",
            "source": {
                "type": "git",
                "url": "https://github.com/flightphp/core.git",
                "reference": "63fbf9b0316969e8aa6c318f8479d1ed0578f9b4"
            },
            "dist": {
                "type": "zip",
                "url": "https://api.github.com/repos/flightphp/core/zipball/63fbf9b0316969e8aa6c318f8479d1ed0578f9b4",
                "reference": "63fbf9b0316969e8aa6c318f8479d1ed0578f9b4",
                "shasum": ""
            },
            "require": {
                "ext-json": "*",
                "php": ">=7.4"
            },
            "replace": {
                "mikecao/flight": "2.0.2"
            },
            "require-dev": {
                "ext-pdo_sqlite": "*",
                "flightphp/runway": "^0.2.0",
                "league/container": "^4.2",
                "level-2/dice": "^4.0",
                "phpstan/extension-installer": "^1.3",
                "phpstan/phpstan": "^1.10",
                "phpunit/phpunit": "^9.5",
                "rregeer/phpunit-coverage-check": "^0.3.1",
                "squizlabs/php_codesniffer": "^3.8"
            },
            "suggest": {
                "latte/latte": "Latte template engine",
                "phpstan/phpstan": "PHP Static Analyzer",
                "tracy/tracy": "Tracy debugger"
            },
            "type": "library",
            "autoload": {
                "files": [
                    "flight/autoload.php"
                ]
            },
            "notification-url": "https://packagist.org/downloads/",
            "license": [
                "MIT"
            ],
            "authors": [
                {
                    "name": "Mike Cao",
                    "email": "mike@mikecao.com",
                    "homepage": "http://www.mikecao.com/",
                    "role": "Original Developer"
                },
                {
                    "name": "Franyer Sánchez",
                    "email": "franyeradriansanchez@gmail.com",
                    "homepage": "https://faslatam.000webhostapp.com",
                    "role": "Maintainer"
                },
                {
                    "name": "n0nag0n",
                    "email": "n0nag0n@sky-9.com",
                    "role": "Maintainer"
                }
            ],
            "description": "Flight is a fast, simple, extensible framework for PHP. Flight enables you to quickly and easily build RESTful web applications. This is the maintained fork of mikecao/flight",
            "homepage": "http://flightphp.com",
            "support": {
                "issues": "https://github.com/flightphp/core/issues",
                "source": "https://github.com/flightphp/core/tree/v3.12.0"
            },
            "time": "2024-08-22T17:05:34+00:00"
        },
        {
            "name": "latte/latte",
            "version": "v2.11.7",
            "source": {
                "type": "git",
                "url": "https://github.com/nette/latte.git",
                "reference": "0ac0843a459790d471821f6a82f5d13db831a0d3"
            },
            "dist": {
                "type": "zip",
                "url": "https://api.github.com/repos/nette/latte/zipball/0ac0843a459790d471821f6a82f5d13db831a0d3",
                "reference": "0ac0843a459790d471821f6a82f5d13db831a0d3",
                "shasum": ""
            },
            "require": {
                "ext-json": "*",
                "ext-tokenizer": "*",
                "php": "7.1 - 8.3"
            },
            "conflict": {
                "nette/application": "<2.4.1"
            },
            "require-dev": {
                "nette/php-generator": "^3.3.4",
                "nette/tester": "^2.0",
                "nette/utils": "^3.0",
                "phpstan/phpstan": "^1",
                "tracy/tracy": "^2.3"
            },
            "suggest": {
                "ext-fileinfo": "to use filter |datastream",
                "ext-iconv": "to use filters |reverse, |substring",
                "ext-mbstring": "to use filters like lower, upper, capitalize, ...",
                "nette/php-generator": "to use tag {templatePrint}",
                "nette/utils": "to use filter |webalize"
            },
            "bin": [
                "bin/latte-lint"
            ],
            "type": "library",
            "extra": {
                "branch-alias": {
                    "dev-master": "2.11-dev"
                }
            },
            "autoload": {
                "classmap": [
                    "src/"
                ]
            },
            "notification-url": "https://packagist.org/downloads/",
            "license": [
                "BSD-3-Clause",
                "GPL-2.0-only",
                "GPL-3.0-only"
            ],
            "authors": [
                {
                    "name": "David Grudl",
                    "homepage": "https://davidgrudl.com"
                },
                {
                    "name": "Nette Community",
                    "homepage": "https://nette.org/contributors"
                }
            ],
            "description": "☕ Latte: the intuitive and fast template engine for those who want the most secure PHP sites. Introduces context-sensitive escaping.",
            "homepage": "https://latte.nette.org",
            "keywords": [
                "context-sensitive",
                "engine",
                "escaping",
                "html",
                "nette",
                "security",
                "template",
                "twig"
            ],
            "support": {
                "issues": "https://github.com/nette/latte/issues",
                "source": "https://github.com/nette/latte/tree/v2.11.7"
            },
            "time": "2023-10-18T17:16:11+00:00"
        },
        {
            "name": "stefangabos/zebra_curl",
            "version": "1.6.2",
            "source": {
                "type": "git",
                "url": "https://github.com/stefangabos/Zebra_cURL.git",
                "reference": "2208e0b233ba798f502121c18b139b0acc82417b"
            },
            "dist": {
                "type": "zip",
                "url": "https://api.github.com/repos/stefangabos/Zebra_cURL/zipball/2208e0b233ba798f502121c18b139b0acc82417b",
                "reference": "2208e0b233ba798f502121c18b139b0acc82417b",
                "shasum": ""
            },
            "require": {
                "php": ">=5.3.0"
            },
            "require-dev": {
                "phpstan/phpstan": "^1.8",
                "squizlabs/php_codesniffer": "*"
            },
            "type": "library",
            "autoload": {
                "classmap": [
                    "Zebra_cURL.php"
                ]
            },
            "notification-url": "https://packagist.org/downloads/",
            "license": [
                "LGPL-3.0"
            ],
            "authors": [
                {
                    "name": "Stefan Gabos",
                    "email": "contact@stefangabos.ro",
                    "homepage": "https://github.com/stefangabos",
                    "role": "Developer"
                }
            ],
            "description": "A high performance solution for making multiple HTTP requests concurrently, asynchronously from your PHP projects using cURL",
            "homepage": "https://github.com/stefangabos/Zebra_cURL",
            "keywords": [
                "asynchronous",
                "curl",
                "libcurl",
                "php",
                "request",
                "wrapper"
            ],
            "support": {
                "issues": "https://github.com/stefangabos/Zebra_cURL/issues",
                "source": "https://github.com/stefangabos/Zebra_cURL/tree/1.6.2"
            },
            "funding": [
                {
                    "url": "https://github.com/stefangabos",
                    "type": "github"
                }
            ],
            "time": "2023-11-25T17:48:05+00:00"
        }
    ],
    "packages-dev": [],
    "aliases": [],
    "minimum-stability": "stable",
    "stability-flags": [],
    "prefer-stable": false,
    "prefer-lowest": false,
    "platform": [],
    "platform-dev": [],
    "plugin-api-version": "2.6.0"
}
